
Microsoft Visual Studio Solution File, Format Version 12.00
# Visual Studio 15
VisualStudioVersion = 15.0.27703.2047
MinimumVisualStudioVersion = 10.0.40219.1
Project("{9A19103F-16F7-4668-BE54-9A1E7A4F7556}") = "Send", "Send.csproj", "{AD452DC2-20FA-4A7E-8867-16EBD816854B}"
EndProject
Project("{9A19103F-16F7-4668-BE54-9A1E7A4F7556}") = "XUnitTestSend", "..\XUnitTestSend\XUnitTestSend.csproj", "{70AFFD3E-9D47-4C25-9249-0E4258D8AEA1}"
EndProject
Global
	GlobalSection(SolutionConfigurationPlatforms) = preSolution
		Debug|Any CPU = Debug|Any CPU
		Release|Any CPU = Release|Any CPU
	EndGlobalSection
	GlobalSection(ProjectConfigurationPlatforms) = postSolution
		{AD452DC2-20FA-4A7E-8867-16EBD816854B}.Debug|Any CPU.ActiveCfg = Debug|Any CPU
		{AD452DC2-20FA-4A7E-8867-16EBD816854B}.Debug|Any CPU.Build.0 = Debug|Any CPU
		{AD452DC2-20FA-4A7E-8867-16EBD816854B}.Release|Any CPU.ActiveCfg = Release|Any CPU
		{AD452DC2-20FA-4A7E-8867-16EBD816854B}.Release|Any CPU.Build.0 = Release|Any CPU
		{70AFFD3E-9D47-4C25-9249-0E4258D8AEA1}.Debug|Any CPU.ActiveCfg = Debug|Any CPU
		{70AFFD3E-9D47-4C25-9249-0E4258D8AEA1}.Debug|Any CPU.Build.0 = Debug|Any CPU
		{70AFFD3E-9D47-4C25-9249-0E4258D8AEA1}.Release|Any CPU.ActiveCfg = Release|Any CPU
		{70AFFD3E-9D47-4C25-9249-0E4258D8AEA1}.Release|Any CPU.Build.0 = Release|Any CPU
	EndGlobalSection
	GlobalSection(SolutionProperties) = preSolution
		HideSolutionNode = FALSE
	EndGlobalSection
	GlobalSection(ExtensibilityGlobals) = postSolution
		SolutionGuid = {163246FC-8667-47E7-8A1A-21213886CEE0}
	EndGlobalSection
EndGlobal
